
Microsoft Visual Studio Solution File, Format Version 12.00
# Visual Studio 2012
Project("{FAE04EC0-301F-11D3-BF4B-00C04F79EFBC}") = "ClickJacking Detector", "ClickJacking Detector\ClickJacking Detector.csproj", "{BC787DC6-64BF-4D4B-8C0F-A95E7A228AC9}"
EndProject
Global
	GlobalSection(SolutionConfigurationPlatforms) = preSolution
		Debug|Any CPU = Debug|Any CPU
		Release|Any CPU = Release|Any CPU
	EndGlobalSection
	GlobalSection(ProjectConfigurationPlatforms) = postSolution
		{BC787DC6-64BF-4D4B-8C0F-A95E7A228AC9}.Debug|Any CPU.ActiveCfg = Debug|Any CPU
		{BC787DC6-64BF-4D4B-8C0F-A95E7A228AC9}.Debug|Any CPU.Build.0 = Debug|Any CPU
		{BC787DC6-64BF-4D4B-8C0F-A95E7A228AC9}.Release|Any CPU.ActiveCfg = Release|Any CPU
		{BC787DC6-64BF-4D4B-8C0F-A95E7A228AC9}.Release|Any CPU.Build.0 = Release|Any CPU
	EndGlobalSection
	GlobalSection(SolutionProperties) = preSolution
		HideSolutionNode = FALSE
	EndGlobalSection
EndGlobal
